
Microsoft Visual Studio Solution File, Format Version 12.00
# Visual Studio 2013
VisualStudioVersion = 12.0.31101.0
MinimumVisualStudioVersion = 10.0.40219.1
Project("{FAE04EC0-301F-11D3-BF4B-00C04F79EFBC}") = "Niva", "Niva\Niva.csproj", "{2E7E7B72-A1F0-4E27-953F-E05E2A411A6A}"
EndProject
Project("{FAE04EC0-301F-11D3-BF4B-00C04F79EFBC}") = "Niva.Tests", "Niva.Tests\Niva.Tests.csproj", "{C0D69D43-9D90-47F8-BAB6-EA73A9A1AF8A}"
EndProject
Project("{FAE04EC0-301F-11D3-BF4B-00C04F79EFBC}") = "Niva.Model", "Niva.Model\Niva.Model.csproj", "{ED6410A4-6186-48C6-9E69-DDCD29005B0A}"
EndProject
Project("{FAE04EC0-301F-11D3-BF4B-00C04F79EFBC}") = "Niva.Services", "Niva.Services\Niva.Services.csproj", "{ED638DD5-E755-4B7A-940D-5C94AB425686}"
EndProject
Project("{FAE04EC0-301F-11D3-BF4B-00C04F79EFBC}") = "Niva.Sandbox", "Niva.Sandbox\Niva.Sandbox.csproj", "{4634385C-EEAA-4C52-9C13-B48CECF3D062}"
	ProjectSection(ProjectDependencies) = postProject
		{ED638DD5-E755-4B7A-940D-5C94AB425686} = {ED638DD5-E755-4B7A-940D-5C94AB425686}
	EndProjectSection
EndProject
Global
	GlobalSection(SolutionConfigurationPlatforms) = preSolution
		Debug|Any CPU = Debug|Any CPU
		Release|Any CPU = Release|Any CPU
	EndGlobalSection
	GlobalSection(ProjectConfigurationPlatforms) = postSolution
		{2E7E7B72-A1F0-4E27-953F-E05E2A411A6A}.Debug|Any CPU.ActiveCfg = Debug|Any CPU
		{2E7E7B72-A1F0-4E27-953F-E05E2A411A6A}.Debug|Any CPU.Build.0 = Debug|Any CPU
		{2E7E7B72-A1F0-4E27-953F-E05E2A411A6A}.Release|Any CPU.ActiveCfg = Release|Any CPU
		{2E7E7B72-A1F0-4E27-953F-E05E2A411A6A}.Release|Any CPU.Build.0 = Release|Any CPU
		{C0D69D43-9D90-47F8-BAB6-EA73A9A1AF8A}.Debug|Any CPU.ActiveCfg = Debug|Any CPU
		{C0D69D43-9D90-47F8-BAB6-EA73A9A1AF8A}.Debug|Any CPU.Build.0 = Debug|Any CPU
		{C0D69D43-9D90-47F8-BAB6-EA73A9A1AF8A}.Release|Any CPU.ActiveCfg = Release|Any CPU
		{C0D69D43-9D90-47F8-BAB6-EA73A9A1AF8A}.Release|Any CPU.Build.0 = Release|Any CPU
		{ED6410A4-6186-48C6-9E69-DDCD29005B0A}.Debug|Any CPU.ActiveCfg = Debug|Any CPU
		{ED6410A4-6186-48C6-9E69-DDCD29005B0A}.Debug|Any CPU.Build.0 = Debug|Any CPU
		{ED6410A4-6186-48C6-9E69-DDCD29005B0A}.Release|Any CPU.ActiveCfg = Release|Any CPU
		{ED6410A4-6186-48C6-9E69-DDCD29005B0A}.Release|Any CPU.Build.0 = Release|Any CPU
		{ED638DD5-E755-4B7A-940D-5C94AB425686}.Debug|Any CPU.ActiveCfg = Debug|Any CPU
		{ED638DD5-E755-4B7A-940D-5C94AB425686}.Debug|Any CPU.Build.0 = Debug|Any CPU
		{ED638DD5-E755-4B7A-940D-5C94AB425686}.Release|Any CPU.ActiveCfg = Release|Any CPU
		{ED638DD5-E755-4B7A-940D-5C94AB425686}.Release|Any CPU.Build.0 = Release|Any CPU
		{4634385C-EEAA-4C52-9C13-B48CECF3D062}.Debug|Any CPU.ActiveCfg = Debug|Any CPU
		{4634385C-EEAA-4C52-9C13-B48CECF3D062}.Debug|Any CPU.Build.0 = Debug|Any CPU
		{4634385C-EEAA-4C52-9C13-B48CECF3D062}.Release|Any CPU.ActiveCfg = Release|Any CPU
		{4634385C-EEAA-4C52-9C13-B48CECF3D062}.Release|Any CPU.Build.0 = Release|Any CPU
	EndGlobalSection
	GlobalSection(SolutionProperties) = preSolution
		HideSolutionNode = FALSE
	EndGlobalSection
EndGlobal
